{
  "name": "sample-getting-started-sharepoint-web-part",
  "version": "0.0.0-0",
  "lockfileVersion": 2,
  "requires": true,
  "packages": {
    "": {
      "name": "sample-getting-started-sharepoint-web-part",
      "version": "0.0.0-0",
      "license": "MIT",
      "devDependencies": {}
    }
  }
}
